// !$*UTF8*$!
{
	archiveVersion = 1;
	classes = {
	};
	objectVersion = 55;
	objects = {

/* Begin PBXBuildFile section */
		05A183E027EBE473003B6896 /* SwiftAPICallTestApp.swift in Sources */ = {isa = PBXBuildFile; fileRef = 05A183DF27EBE473003B6896 /* SwiftAPICallTestApp.swift */; };
		05A183E227EBE473003B6896 /* ContentView.swift in Sources */ = {isa = PBXBuildFile; fileRef = 05A183E127EBE473003B6896 /* ContentView.swift */; };
		05A183E427EBE476003B6896 /* Assets.xcassets in Resources */ = {isa = PBXBuildFile; fileRef = 05A183E327EBE476003B6896 /* Assets.xcassets */; };
		05A183E727EBE476003B6896 /* Preview Assets.xcassets in Resources */ = {isa = PBXBuildFile; fileRef = 05A183E627EBE476003B6896 /* Preview Assets.xcassets */; };
		05A183E927EBE476003B6896 /* Persistence.swift in Sources */ = {isa = PBXBuildFile; fileRef = 05A183E827EBE476003B6896 /* Persistence.swift */; };
		05A183EC27EBE476003B6896 /* SwiftAPICallTest.xcdatamodeld in Sources */ = {isa = PBXBuildFile; fileRef = 05A183EA27EBE476003B6896 /* SwiftAPICallTest.xcdatamodeld */; };
		05A183F327EBF856003B6896 /* ViewModel.swift in Sources */ = {isa = PBXBuildFile; fileRef = 05A183F227EBF856003B6896 /* ViewModel.swift */; };
		05A183F527EC0407003B6896 /* BookDetailView.swift in Sources */ = {isa = PBXBuildFile; fileRef = 05A183F427EC0407003B6896 /* BookDetailView.swift */; };
/* End PBXBuildFile section */

/* Begin PBXFileReference section */
		05A183DC27EBE473003B6896 /* SwiftAPICallTest.app */ = {isa = PBXFileReference; explicitFileType = wrapper.application; includeInIndex = 0; path = SwiftAPICallTest.app; sourceTree = BUILT_PRODUCTS_DIR; };
		05A183DF27EBE473003B6896 /* SwiftAPICallTestApp.swift */ = {isa = PBXFileReference; lastKnownFileType = sourcecode.swift; path = SwiftAPICallTestApp.swift; sourceTree = "<group>"; };
		05A183E127EBE473003B6896 /* ContentView.swift */ = {isa = PBXFileReference; lastKnownFileType = sourcecode.swift; path = ContentView.swift; sourceTree = "<group>"; };
		05A183E327EBE476003B6896 /* Assets.xcassets */ = {isa = PBXFileReference; lastKnownFileType = folder.assetcatalog; path = Assets.xcassets; sourceTree = "<group>"; };
		05A183E627EBE476003B6896 /* Preview Assets.xcassets */ = {isa = PBXFileReference; lastKnownFileType = folder.assetcatalog; path = "Preview Assets.xcassets"; sourceTree = "<group>"; };
		05A183E827EBE476003B6896 /* Persistence.swift */ = {isa = PBXFileReference; lastKnownFileType = sourcecode.swift; path = Persistence.swift; sourceTree = "<group>"; };
		05A183EB27EBE476003B6896 /* SwiftAPICallTest.xcdatamodel */ = {isa = PBXFileReference; lastKnownFileType = wrapper.xcdatamodel; path = SwiftAPICallTest.xcdatamodel; sourceTree = "<group>"; };
		05A183F227EBF856003B6896 /* ViewModel.swift */ = {isa = PBXFileReference; lastKnownFileType = sourcecode.swift; path = ViewModel.swift; sourceTree = "<group>"; };
		05A183F427EC0407003B6896 /* BookDetailView.swift */ = {isa = PBXFileReference; lastKnownFileType = sourcecode.swift; path = BookDetailView.swift; sourceTree = "<group>"; };
/* End PBXFileReference section */

/* Begin PBXFrameworksBuildPhase section */
		05A183D927EBE473003B6896 /* Frameworks */ = {
			isa = PBXFrameworksBuildPhase;
			buildActionMask = 2147483647;
			files = (
			);
			runOnlyForDeploymentPostprocessing = 0;
		};
/* End PBXFrameworksBuildPhase section */

/* Begin PBXGroup section */
		05A183D327EBE473003B6896 = {
			isa = PBXGroup;
			children = (
				05A183DE27EBE473003B6896 /* SwiftAPICallTest */,
				05A183DD27EBE473003B6896 /* Products */,
			);
			sourceTree = "<group>";
		};
		05A183DD27EBE473003B6896 /* Products */ = {
			isa = PBXGroup;
			children = (
				05A183DC27EBE473003B6896 /* SwiftAPICallTest.app */,
			);
			name = Products;
			sourceTree = "<group>";
		};
		05A183DE27EBE473003B6896 /* SwiftAPICallTest */ = {
			isa = PBXGroup;
			children = (
				05A183DF27EBE473003B6896 /* SwiftAPICallTestApp.swift */,
				05A183E327EBE476003B6896 /* Assets.xcassets */,
				05A183E827EBE476003B6896 /* Persistence.swift */,
				05A183EA27EBE476003B6896 /* SwiftAPICallTest.xcdatamodeld */,
				05A183E527EBE476003B6896 /* Preview Content */,
				05A183E127EBE473003B6896 /* ContentView.swift */,
				05A183F227EBF856003B6896 /* ViewModel.swift */,
				05A183F427EC0407003B6896 /* BookDetailView.swift */,
			);
			path = SwiftAPICallTest;
			sourceTree = "<group>";
		};
		05A183E527EBE476003B6896 /* Preview Content */ = {
			isa = PBXGroup;
			children = (
				05A183E627EBE476003B6896 /* Preview Assets.xcassets */,
			);
			path = "Preview Content";
			sourceTree = "<group>";
		};
/* End PBXGroup section */

/* Begin PBXNativeTarget section */
		05A183DB27EBE473003B6896 /* SwiftAPICallTest */ = {
			isa = PBXNativeTarget;
			buildConfigurationList = 05A183EF27EBE476003B6896 /* Build configuration list for PBXNativeTarget "SwiftAPICallTest" */;
			buildPhases = (
				05A183D827EBE473003B6896 /* Sources */,
				05A183D927EBE473003B6896 /* Frameworks */,
				05A183DA27EBE473003B6896 /* Resources */,
			);
			buildRules = (
			);
			dependencies = (
			);
			name = SwiftAPICallTest;
			productName = SwiftAPICallTest;
			productReference = 05A183DC27EBE473003B6896 /* SwiftAPICallTest.app */;
			productType = "com.apple.product-type.application";
		};
/* End PBXNativeTarget section */

/* Begin PBXProject section */
		05A183D427EBE473003B6896 /* Project object */ = {
			isa = PBXProject;
			attributes = {
				BuildIndependentTargetsInParallel = 1;
				LastSwiftUpdateCheck = 1320;
				LastUpgradeCheck = 1320;
				TargetAttributes = {
					05A183DB27EBE473003B6896 = {
						CreatedOnToolsVersion = 13.2.1;
					};
				};
			};
			buildConfigurationList = 05A183D727EBE473003B6896 /* Build configuration list for PBXProject "SwiftAPICallTest" */;
			compatibilityVersion = "Xcode 13.0";
			developmentRegion = en;
			hasScannedForEncodings = 0;
			knownRegions = (
				en,
				Base,
			);
			mainGroup = 05A183D327EBE473003B6896;
			productRefGroup = 05A183DD27EBE473003B6896 /* Products */;
			projectDirPath = "";
			projectRoot = "";
			targets = (
				05A183DB27EBE473003B6896 /* SwiftAPICallTest */,
			);
		};
/* End PBXProject section */

/* Begin PBXResourcesBuildPhase section */
		05A183DA27EBE473003B6896 /* Resources */ = {
			isa = PBXResourcesBuildPhase;
			buildActionMask = 2147483647;
			files = (
				05A183E727EBE476003B6896 /* Preview Assets.xcassets in Resources */,
				05A183E427EBE476003B6896 /* Assets.xcassets in Resources */,
			);
			runOnlyForDeploymentPostprocessing = 0;
		};
/* End PBXResourcesBuildPhase section */

/* Begin PBXSourcesBuildPhase section */
		05A183D827EBE473003B6896 /* Sources */ = {
			isa = PBXSourcesBuildPhase;
			buildActionMask = 2147483647;
			files = (
				05A183F327EBF856003B6896 /* ViewModel.swift in Sources */,
				05A183EC27EBE476003B6896 /* SwiftAPICallTest.xcdatamodeld in Sources */,
				05A183E927EBE476003B6896 /* Persistence.swift in Sources */,
				05A183E227EBE473003B6896 /* ContentView.swift in Sources */,
				05A183F527EC0407003B6896 /* BookDetailView.swift in Sources */,
				05A183E027EBE473003B6896 /* SwiftAPICallTestApp.swift in Sources */,
			);
			runOnlyForDeploymentPostprocessing = 0;
		};
/* End PBXSourcesBuildPhase section */

/* Begin XCBuildConfiguration section */
		05A183ED27EBE476003B6896 /* Debug */ = {
			isa = XCBuildConfiguration;
			buildSettings = {
				ALWAYS_SEARCH_USER_PATHS = NO;
				CLANG_ANALYZER_NONNULL = YES;
				CLANG_ANALYZER_NUMBER_OBJECT_CONVERSION = YES_AGGRESSIVE;
				CLANG_CXX_LANGUAGE_STANDARD = "gnu++17";
				CLANG_CXX_LIBRARY = "libc++";
				CLANG_ENABLE_MODULES = YES;
				CLANG_ENABLE_OBJC_ARC = YES;
				CLANG_ENABLE_OBJC_WEAK = YES;
				CLANG_WARN_BLOCK_CAPTURE_AUTORELEASING = YES;
				CLANG_WARN_BOOL_CONVERSION = YES;
				CLANG_WARN_COMMA = YES;
				CLANG_WARN_CONSTANT_CONVERSION = YES;
				CLANG_WARN_DEPRECATED_OBJC_IMPLEMENTATIONS = YES;
				CLANG_WARN_DIRECT_OBJC_ISA_USAGE = YES_ERROR;
				CLANG_WARN_DOCUMENTATION_COMMENTS = YES;
				CLANG_WARN_EMPTY_BODY = YES;
				CLANG_WARN_ENUM_CONVERSION = YES;
				CLANG_WARN_INFINITE_RECURSION = YES;
				CLANG_WARN_INT_CONVERSION = YES;
				CLANG_WARN_NON_LITERAL_NULL_CONVERSION = YES;
				CLANG_WARN_OBJC_IMPLICIT_RETAIN_SELF = YES;
				CLANG_WARN_OBJC_LITERAL_CONVERSION = YES;
				CLANG_WARN_OBJC_ROOT_CLASS = YES_ERROR;
				CLANG_WARN_QUOTED_INCLUDE_IN_FRAMEWORK_HEADER = YES;
				CLANG_WARN_RANGE_LOOP_ANALYSIS = YES;
				CLANG_WARN_STRICT_PROTOTYPES = YES;
				CLANG_WARN_SUSPICIOUS_MOVE = YES;
				CLANG_WARN_UNGUARDED_AVAILABILITY = YES_AGGRESSIVE;
				CLANG_WARN_UNREACHABLE_CODE = YES;
				CLANG_WARN__DUPLICATE_METHOD_MATCH = YES;
				COPY_PHASE_STRIP = NO;
				DEBUG_INFORMATION_FORMAT = dwarf;
				ENABLE_STRICT_OBJC_MSGSEND = YES;
				ENABLE_TESTABILITY = YES;
				GCC_C_LANGUAGE_STANDARD = gnu11;
				GCC_DYNAMIC_NO_PIC = NO;
				GCC_NO_COMMON_BLOCKS = YES;
				GCC_OPTIMIZATION_LEVEL = 0;
				GCC_PREPROCESSOR_DEFINITIONS = (
					"DEBUG=1",
					"$(inherited)",
				);
				GCC_WARN_64_TO_32_BIT_CONVERSION = YES;
				GCC_WARN_ABOUT_RETURN_TYPE = YES_ERROR;
				GCC_WARN_UNDECLARED_SELECTOR = YES;
				GCC_WARN_UNINITIALIZED_AUTOS = YES_AGGRESSIVE;
				GCC_WARN_UNUSED_FUNCTION = YES;
				GCC_WARN_UNUSED_VARIABLE = YES;
				IPHONEOS_DEPLOYMENT_TARGET = 15.2;
				MTL_ENABLE_DEBUG_INFO = INCLUDE_SOURCE;
				MTL_FAST_MATH = YES;
				ONLY_ACTIVE_ARCH = YES;
				SDKROOT = iphoneos;
				SWIFT_ACTIVE_COMPILATION_CONDITIONS = DEBUG;
				SWIFT_OPTIMIZATION_LEVEL = "-Onone";
			};
			name = Debug;
		};
		05A183EE27EBE476003B6896 /* Release */ = {
			isa = XCBuildConfiguration;
			buildSettings = {
				ALWAYS_SEARCH_USER_PATHS = NO;
				CLANG_ANALYZER_NONNULL = YES;
				CLANG_ANALYZER_NUMBER_OBJECT_CONVERSION = YES_AGGRESSIVE;
				CLANG_CXX_LANGUAGE_STANDARD = "gnu++17";
				CLANG_CXX_LIBRARY = "libc++";
				CLANG_ENABLE_MODULES = YES;
				CLANG_ENABLE_OBJC_ARC = YES;
				CLANG_ENABLE_OBJC_WEAK = YES;
				CLANG_WARN_BLOCK_CAPTURE_AUTORELEASING = YES;
				CLANG_WARN_BOOL_CONVERSION = YES;
				CLANG_WARN_COMMA = YES;
				CLANG_WARN_CONSTANT_CONVERSION = YES;
				CLANG_WARN_DEPRECATED_OBJC_IMPLEMENTATIONS = YES;
				CLANG_WARN_DIRECT_OBJC_ISA_USAGE = YES_ERROR;
				CLANG_WARN_DOCUMENTATION_COMMENTS = YES;
				CLANG_WARN_EMPTY_BODY = YES;
				CLANG_WARN_ENUM_CONVERSION = YES;
				CLANG_WARN_INFINITE_RECURSION = YES;
				CLANG_WARN_INT_CONVERSION = YES;
				CLANG_WARN_NON_LITERAL_NULL_CONVERSION = YES;
				CLANG_WARN_OBJC_IMPLICIT_RETAIN_SELF = YES;
				CLANG_WARN_OBJC_LITERAL_CONVERSION = YES;
				CLANG_WARN_OBJC_ROOT_CLASS = YES_ERROR;
				CLANG_WARN_QUOTED_INCLUDE_IN_FRAMEWORK_HEADER = YES;
				CLANG_WARN_RANGE_LOOP_ANALYSIS = YES;
				CLANG_WARN_STRICT_PROTOTYPES = YES;
				CLANG_WARN_SUSPICIOUS_MOVE = YES;
				CLANG_WARN_UNGUARDED_AVAILABILITY = YES_AGGRESSIVE;
				CLANG_WARN_UNREACHABLE_CODE = YES;
				CLANG_WARN__DUPLICATE_METHOD_MATCH = YES;
				COPY_PHASE_STRIP = NO;
				DEBUG_INFORMATION_FORMAT = "dwarf-with-dsym";
				ENABLE_NS_ASSERTIONS = NO;
				ENABLE_STRICT_OBJC_MSGSEND = YES;
				GCC_C_LANGUAGE_STANDARD = gnu11;
				GCC_NO_COMMON_BLOCKS = YES;
				GCC_WARN_64_TO_32_BIT_CONVERSION = YES;
				GCC_WARN_ABOUT_RETURN_TYPE = YES_ERROR;
				GCC_WARN_UNDECLARED_SELECTOR = YES;
				GCC_WARN_UNINITIALIZED_AUTOS = YES_AGGRESSIVE;
				GCC_WARN_UNUSED_FUNCTION = YES;
				GCC_WARN_UNUSED_VARIABLE = YES;
				IPHONEOS_DEPLOYMENT_TARGET = 15.2;
				MTL_ENABLE_DEBUG_INFO = NO;
				MTL_FAST_MATH = YES;
				SDKROOT = iphoneos;
				SWIFT_COMPILATION_MODE = wholemodule;
				SWIFT_OPTIMIZATION_LEVEL = "-O";
				VALIDATE_PRODUCT = YES;
			};
			name = Release;
		};
		05A183F027EBE476003B6896 /* Debug */ = {
			isa = XCBuildConfiguration;
			buildSettings = {
				ASSETCATALOG_COMPILER_APPICON_NAME = AppIcon;
				ASSETCATALOG_COMPILER_GLOBAL_ACCENT_COLOR_NAME = AccentColor;
				CODE_SIGN_STYLE = Automatic;
				CURRENT_PROJECT_VERSION = 1;
				DEVELOPMENT_ASSET_PATHS = "\"SwiftAPICallTest/Preview Content\"";
				ENABLE_PREVIEWS = YES;
				GENERATE_INFOPLIST_FILE = YES;
				INFOPLIST_KEY_UIApplicationSceneManifest_Generation = YES;
				INFOPLIST_KEY_UIApplicationSupportsIndirectInputEvents = YES;
				INFOPLIST_KEY_UILaunchScreen_Generation = YES;
				INFOPLIST_KEY_UISupportedInterfaceOrientations_iPad = "UIInterfaceOrientationPortrait UIInterfaceOrientationPortraitUpsideDown UIInterfaceOrientationLandscapeLeft UIInterfaceOrientationLandscapeRight";
				INFOPLIST_KEY_UISupportedInterfaceOrientations_iPhone = "UIInterfaceOrientationPortrait UIInterfaceOrientationLandscapeLeft UIInterfaceOrientationLandscapeRight";
				LD_RUNPATH_SEARCH_PATHS = (
					"$(inherited)",
					"@executable_path/Frameworks",
				);
				MARKETING_VERSION = 1.0;
				PRODUCT_BUNDLE_IDENTIFIER = com.test.SwiftAPICallTest;
				PRODUCT_NAME = "$(TARGET_NAME)";
				SWIFT_EMIT_LOC_STRINGS = YES;
				SWIFT_VERSION = 5.0;
				TARGETED_DEVICE_FAMILY = "1,2";
			};
			name = Debug;
		};
		05A183F127EBE476003B6896 /* Release */ = {
			isa = XCBuildConfiguration;
			buildSettings = {
				ASSETCATALOG_COMPILER_APPICON_NAME = AppIcon;
				ASSETCATALOG_COMPILER_GLOBAL_ACCENT_COLOR_NAME = AccentColor;
				CODE_SIGN_STYLE = Automatic;
				CURRENT_PROJECT_VERSION = 1;
				DEVELOPMENT_ASSET_PATHS = "\"SwiftAPICallTest/Preview Content\"";
				ENABLE_PREVIEWS = YES;
				GENERATE_INFOPLIST_FILE = YES;
				INFOPLIST_KEY_UIApplicationSceneManifest_Generation = YES;
				INFOPLIST_KEY_UIApplicationSupportsIndirectInputEvents = YES;
				INFOPLIST_KEY_UILaunchScreen_Generation = YES;
				INFOPLIST_KEY_UISupportedInterfaceOrientations_iPad = "UIInterfaceOrientationPortrait UIInterfaceOrientationPortraitUpsideDown UIInterfaceOrientationLandscapeLeft UIInterfaceOrientationLandscapeRight";
				INFOPLIST_KEY_UISupportedInterfaceOrientations_iPhone = "UIInterfaceOrientationPortrait UIInterfaceOrientationLandscapeLeft UIInterfaceOrientationLandscapeRight";
				LD_RUNPATH_SEARCH_PATHS = (
					"$(inherited)",
					"@executable_path/Frameworks",
				);
				MARKETING_VERSION = 1.0;
				PRODUCT_BUNDLE_IDENTIFIER = com.test.SwiftAPICallTest;
				PRODUCT_NAME = "$(TARGET_NAME)";
				SWIFT_EMIT_LOC_STRINGS = YES;
				SWIFT_VERSION = 5.0;
				TARGETED_DEVICE_FAMILY = "1,2";
			};
			name = Release;
		};
/* End XCBuildConfiguration section */

/* Begin XCConfigurationList section */
		05A183D727EBE473003B6896 /* Build configuration list for PBXProject "SwiftAPICallTest" */ = {
			isa = XCConfigurationList;
			buildConfigurations = (
				05A183ED27EBE476003B6896 /* Debug */,
				05A183EE27EBE476003B6896 /* Release */,
			);
			defaultConfigurationIsVisible = 0;
			defaultConfigurationName = Release;
		};
		05A183EF27EBE476003B6896 /* Build configuration list for PBXNativeTarget "SwiftAPICallTest" */ = {
			isa = XCConfigurationList;
			buildConfigurations = (
				05A183F027EBE476003B6896 /* Debug */,
				05A183F127EBE476003B6896 /* Release */,
			);
			defaultConfigurationIsVisible = 0;
			defaultConfigurationName = Release;
		};
/* End XCConfigurationList section */

/* Begin XCVersionGroup section */
		05A183EA27EBE476003B6896 /* SwiftAPICallTest.xcdatamodeld */ = {
			isa = XCVersionGroup;
			children = (
				05A183EB27EBE476003B6896 /* SwiftAPICallTest.xcdatamodel */,
			);
			currentVersion = 05A183EB27EBE476003B6896 /* SwiftAPICallTest.xcdatamodel */;
			path = SwiftAPICallTest.xcdatamodeld;
			sourceTree = "<group>";
			versionGroupType = wrapper.xcdatamodel;
		};
/* End XCVersionGroup section */
	};
	rootObject = 05A183D427EBE473003B6896 /* Project object */;
}
